
Microsoft Visual Studio Solution File, Format Version 12.00
# Visual Studio 15
VisualStudioVersion = 15.0.26730.3
MinimumVisualStudioVersion = 10.0.40219.1
Project("{9092AA53-FB77-4645-B42D-1CCCA6BD08BD}") = "Qies.NodeJS", "Qies.NodeJS\Qies.NodeJs.njsproj", "{D71CDA56-AE7B-41D1-A472-5F852B3CBFF7}"
EndProject
Project("{2150E333-8FDC-42A3-9474-1A3956D46DE8}") = "Git", "Git", "{88859BA8-5555-44A2-8D90-C2344B534951}"
	ProjectSection(SolutionItems) = preProject
		.gitignore = .gitignore
		LICENSE = LICENSE
	EndProjectSection
EndProject
Project("{9092AA53-FB77-4645-B42D-1CCCA6BD08BD}") = "Qies.NodeJs.Test", "Qies.NodeJs.Test\Qies.NodeJs.Test.njsproj", "{485DD8D7-0463-4A20-AFE2-935A7E55E58D}"
EndProject
Global
	GlobalSection(SolutionConfigurationPlatforms) = preSolution
		Debug|Any CPU = Debug|Any CPU
		Release|Any CPU = Release|Any CPU
	EndGlobalSection
	GlobalSection(ProjectConfigurationPlatforms) = postSolution
		{D71CDA56-AE7B-41D1-A472-5F852B3CBFF7}.Debug|Any CPU.ActiveCfg = Debug|Any CPU
		{D71CDA56-AE7B-41D1-A472-5F852B3CBFF7}.Debug|Any CPU.Build.0 = Debug|Any CPU
		{D71CDA56-AE7B-41D1-A472-5F852B3CBFF7}.Release|Any CPU.ActiveCfg = Release|Any CPU
		{D71CDA56-AE7B-41D1-A472-5F852B3CBFF7}.Release|Any CPU.Build.0 = Release|Any CPU
		{485DD8D7-0463-4A20-AFE2-935A7E55E58D}.Debug|Any CPU.ActiveCfg = Debug|Any CPU
		{485DD8D7-0463-4A20-AFE2-935A7E55E58D}.Debug|Any CPU.Build.0 = Debug|Any CPU
		{485DD8D7-0463-4A20-AFE2-935A7E55E58D}.Release|Any CPU.ActiveCfg = Release|Any CPU
		{485DD8D7-0463-4A20-AFE2-935A7E55E58D}.Release|Any CPU.Build.0 = Release|Any CPU
	EndGlobalSection
	GlobalSection(SolutionProperties) = preSolution
		HideSolutionNode = FALSE
	EndGlobalSection
	GlobalSection(ExtensibilityGlobals) = postSolution
		SolutionGuid = {BA0AFDDA-C3B0-4144-9EB1-2C740ADB0D62}
	EndGlobalSection
EndGlobal
